
Microsoft Visual Studio Solution File, Format Version 12.00
# Visual Studio Version 17
VisualStudioVersion = 17.9.34723.18
MinimumVisualStudioVersion = 10.0.40219.1
Project("{9A19103F-16F7-4668-BE54-9A1E7A4F7556}") = "Silicon.Blazor", "Silicon.Blazor\Silicon.Blazor\Silicon.Blazor.csproj", "{80716319-2122-4061-A9C9-478F2D55E80B}"
EndProject
Project("{9A19103F-16F7-4668-BE54-9A1E7A4F7556}") = "Silicon.Blazor.Client", "Silicon.Blazor\Silicon.Blazor.Client\Silicon.Blazor.Client.csproj", "{F3AA91F7-9368-44D9-AF41-8702DD0BCC7E}"
EndProject
Global
	GlobalSection(SolutionConfigurationPlatforms) = preSolution
		Debug|Any CPU = Debug|Any CPU
		Release|Any CPU = Release|Any CPU
	EndGlobalSection
	GlobalSection(ProjectConfigurationPlatforms) = postSolution
		{80716319-2122-4061-A9C9-478F2D55E80B}.Debug|Any CPU.ActiveCfg = Debug|Any CPU
		{80716319-2122-4061-A9C9-478F2D55E80B}.Debug|Any CPU.Build.0 = Debug|Any CPU
		{80716319-2122-4061-A9C9-478F2D55E80B}.Release|Any CPU.ActiveCfg = Release|Any CPU
		{80716319-2122-4061-A9C9-478F2D55E80B}.Release|Any CPU.Build.0 = Release|Any CPU
		{F3AA91F7-9368-44D9-AF41-8702DD0BCC7E}.Debug|Any CPU.ActiveCfg = Debug|Any CPU
		{F3AA91F7-9368-44D9-AF41-8702DD0BCC7E}.Debug|Any CPU.Build.0 = Debug|Any CPU
		{F3AA91F7-9368-44D9-AF41-8702DD0BCC7E}.Release|Any CPU.ActiveCfg = Release|Any CPU
		{F3AA91F7-9368-44D9-AF41-8702DD0BCC7E}.Release|Any CPU.Build.0 = Release|Any CPU
	EndGlobalSection
	GlobalSection(SolutionProperties) = preSolution
		HideSolutionNode = FALSE
	EndGlobalSection
	GlobalSection(ExtensibilityGlobals) = postSolution
		SolutionGuid = {B02B3ED8-6F12-4F77-8877-4D57888959E2}
	EndGlobalSection
EndGlobal
